// !$*UTF8*$!
{
	archiveVersion = 1;
	classes = {
	};
	objectVersion = 55;
	objects = {

/* Begin PBXBuildFile section */
		178209FA27FA17DE00B49CA2 /* URLRequest+Extensions.swift in Sources */ = {isa = PBXBuildFile; fileRef = 178209F927FA17DE00B49CA2 /* URLRequest+Extensions.swift */; };
		17820A0227FA17E900B49CA2 /* Player.swift in Sources */ = {isa = PBXBuildFile; fileRef = 178209FC27FA17E900B49CA2 /* Player.swift */; };
		17820A0527FA17E900B49CA2 /* DigaiAPI.swift in Sources */ = {isa = PBXBuildFile; fileRef = 178209FF27FA17E900B49CA2 /* DigaiAPI.swift */; };
		2872725E7F9EA93353E65826 /* Pods_digai.framework in Frameworks */ = {isa = PBXBuildFile; fileRef = 7FFD436DDCA126139424C41C /* Pods_digai.framework */; };
		8942612C27F64CBB00341F8B /* AppDelegate.swift in Sources */ = {isa = PBXBuildFile; fileRef = 8942612B27F64CBB00341F8B /* AppDelegate.swift */; };
		8942612E27F64CBB00341F8B /* SceneDelegate.swift in Sources */ = {isa = PBXBuildFile; fileRef = 8942612D27F64CBB00341F8B /* SceneDelegate.swift */; };
		8942613527F64CBF00341F8B /* Assets.xcassets in Resources */ = {isa = PBXBuildFile; fileRef = 8942613427F64CBF00341F8B /* Assets.xcassets */; };
		8942613827F64CBF00341F8B /* LaunchScreen.storyboard in Resources */ = {isa = PBXBuildFile; fileRef = 8942613627F64CBF00341F8B /* LaunchScreen.storyboard */; };
		8942614227F64EAC00341F8B /* GameViewController.swift in Sources */ = {isa = PBXBuildFile; fileRef = 8942614127F64EAC00341F8B /* GameViewController.swift */; };
		8942614427F64EB900341F8B /* GameViewModel.swift in Sources */ = {isa = PBXBuildFile; fileRef = 8942614327F64EB900341F8B /* GameViewModel.swift */; };
		8942614627F64EC900341F8B /* ResultViewModel.swift in Sources */ = {isa = PBXBuildFile; fileRef = 8942614527F64EC900341F8B /* ResultViewModel.swift */; };
		8942614827F64ED600341F8B /* ResultViewController.swift in Sources */ = {isa = PBXBuildFile; fileRef = 8942614727F64ED600341F8B /* ResultViewController.swift */; };
		8942614C27FC7E8200341F8B /* iCarousel.m in Sources */ = {isa = PBXBuildFile; fileRef = 8942614B27FC7E8200341F8B /* iCarousel.m */; };
		89CB3113281F32920068909C /* CreateRoomRequest.swift in Sources */ = {isa = PBXBuildFile; fileRef = 89CB3112281F32920068909C /* CreateRoomRequest.swift */; };
		89CB3118281F33720068909C /* CreateRoomResponse.swift in Sources */ = {isa = PBXBuildFile; fileRef = 89CB3117281F33720068909C /* CreateRoomResponse.swift */; };
		89DACA8F282025F200D5F23E /* JoinRoomRequest.swift in Sources */ = {isa = PBXBuildFile; fileRef = 89DACA8E282025F200D5F23E /* JoinRoomRequest.swift */; };
		89DACA912820265600D5F23E /* JoinRoomResponse.swift in Sources */ = {isa = PBXBuildFile; fileRef = 89DACA902820265600D5F23E /* JoinRoomResponse.swift */; };
		89DACA932820268F00D5F23E /* FetchRoomsResponse.swift in Sources */ = {isa = PBXBuildFile; fileRef = 89DACA922820268F00D5F23E /* FetchRoomsResponse.swift */; };
		89DACA95282026FB00D5F23E /* ExitRoomRequest.swift in Sources */ = {isa = PBXBuildFile; fileRef = 89DACA94282026FB00D5F23E /* ExitRoomRequest.swift */; };
		89DACA972820272C00D5F23E /* ExitRoomResponse.swift in Sources */ = {isa = PBXBuildFile; fileRef = 89DACA962820272C00D5F23E /* ExitRoomResponse.swift */; };
		89DACA992820276E00D5F23E /* UpdateRoomRequest.swift in Sources */ = {isa = PBXBuildFile; fileRef = 89DACA982820276E00D5F23E /* UpdateRoomRequest.swift */; };
		89DACA9B282027CC00D5F23E /* UpdateRoomResponse.swift in Sources */ = {isa = PBXBuildFile; fileRef = 89DACA9A282027CC00D5F23E /* UpdateRoomResponse.swift */; };
		89DACA9E2820281500D5F23E /* RestartRoomRequest.swift in Sources */ = {isa = PBXBuildFile; fileRef = 89DACA9D2820281500D5F23E /* RestartRoomRequest.swift */; };
		89DACAA02820283300D5F23E /* RestartRoomResponse.swift in Sources */ = {isa = PBXBuildFile; fileRef = 89DACA9F2820283300D5F23E /* RestartRoomResponse.swift */; };
		89DACAA32820B51300D5F23E /* Track.swift in Sources */ = {isa = PBXBuildFile; fileRef = 89DACAA22820B51300D5F23E /* Track.swift */; };
		89DACAA52821E80400D5F23E /* ResultViewModelProtocol.swift in Sources */ = {isa = PBXBuildFile; fileRef = 89DACAA42821E80400D5F23E /* ResultViewModelProtocol.swift */; };
		89DACAA72821E84900D5F23E /* Result.swift in Sources */ = {isa = PBXBuildFile; fileRef = 89DACAA62821E84900D5F23E /* Result.swift */; };
		89E3C8562823024400544ED8 /* ResultTableViewCell.swift in Sources */ = {isa = PBXBuildFile; fileRef = 89E3C8552823024400544ED8 /* ResultTableViewCell.swift */; };
/* End PBXBuildFile section */

/* Begin PBXFileReference section */
		178209F927FA17DE00B49CA2 /* URLRequest+Extensions.swift */ = {isa = PBXFileReference; fileEncoding = 4; lastKnownFileType = sourcecode.swift; path = "URLRequest+Extensions.swift"; sourceTree = "<group>"; };
		178209FC27FA17E900B49CA2 /* Player.swift */ = {isa = PBXFileReference; fileEncoding = 4; lastKnownFileType = sourcecode.swift; path = Player.swift; sourceTree = "<group>"; };
		178209FF27FA17E900B49CA2 /* DigaiAPI.swift */ = {isa = PBXFileReference; fileEncoding = 4; lastKnownFileType = sourcecode.swift; path = DigaiAPI.swift; sourceTree = "<group>"; };
		3B97B41F53F0FEBA157211ED /* Pods-digai.debug.xcconfig */ = {isa = PBXFileReference; includeInIndex = 1; lastKnownFileType = text.xcconfig; name = "Pods-digai.debug.xcconfig"; path = "Target Support Files/Pods-digai/Pods-digai.debug.xcconfig"; sourceTree = "<group>"; };
		7FFD436DDCA126139424C41C /* Pods_digai.framework */ = {isa = PBXFileReference; explicitFileType = wrapper.framework; includeInIndex = 0; path = Pods_digai.framework; sourceTree = BUILT_PRODUCTS_DIR; };
		8942612827F64CBB00341F8B /* digai.app */ = {isa = PBXFileReference; explicitFileType = wrapper.application; includeInIndex = 0; path = digai.app; sourceTree = BUILT_PRODUCTS_DIR; };
		8942612B27F64CBB00341F8B /* AppDelegate.swift */ = {isa = PBXFileReference; lastKnownFileType = sourcecode.swift; path = AppDelegate.swift; sourceTree = "<group>"; };
		8942612D27F64CBB00341F8B /* SceneDelegate.swift */ = {isa = PBXFileReference; lastKnownFileType = sourcecode.swift; path = SceneDelegate.swift; sourceTree = "<group>"; };
		8942613427F64CBF00341F8B /* Assets.xcassets */ = {isa = PBXFileReference; lastKnownFileType = folder.assetcatalog; path = Assets.xcassets; sourceTree = "<group>"; };
		8942613727F64CBF00341F8B /* Base */ = {isa = PBXFileReference; lastKnownFileType = file.storyboard; name = Base; path = Base.lproj/LaunchScreen.storyboard; sourceTree = "<group>"; };
		8942613927F64CBF00341F8B /* Info.plist */ = {isa = PBXFileReference; lastKnownFileType = text.plist.xml; path = Info.plist; sourceTree = "<group>"; };
		8942614127F64EAC00341F8B /* GameViewController.swift */ = {isa = PBXFileReference; lastKnownFileType = sourcecode.swift; path = GameViewController.swift; sourceTree = "<group>"; };
		8942614327F64EB900341F8B /* GameViewModel.swift */ = {isa = PBXFileReference; lastKnownFileType = sourcecode.swift; path = GameViewModel.swift; sourceTree = "<group>"; };
		8942614527F64EC900341F8B /* ResultViewModel.swift */ = {isa = PBXFileReference; lastKnownFileType = sourcecode.swift; path = ResultViewModel.swift; sourceTree = "<group>"; };
		8942614727F64ED600341F8B /* ResultViewController.swift */ = {isa = PBXFileReference; lastKnownFileType = sourcecode.swift; path = ResultViewController.swift; sourceTree = "<group>"; };
		8942614927FC7E7400341F8B /* iCarousel.h */ = {isa = PBXFileReference; lastKnownFileType = sourcecode.c.h; path = iCarousel.h; sourceTree = "<group>"; };
		8942614A27FC7E8200341F8B /* digai-Bridging-Header.h */ = {isa = PBXFileReference; lastKnownFileType = sourcecode.c.h; path = "digai-Bridging-Header.h"; sourceTree = "<group>"; };
		8942614B27FC7E8200341F8B /* iCarousel.m */ = {isa = PBXFileReference; fileEncoding = 4; lastKnownFileType = sourcecode.c.objc; path = iCarousel.m; sourceTree = "<group>"; };
		89CB3112281F32920068909C /* CreateRoomRequest.swift */ = {isa = PBXFileReference; lastKnownFileType = sourcecode.swift; path = CreateRoomRequest.swift; sourceTree = "<group>"; };
		89CB3117281F33720068909C /* CreateRoomResponse.swift */ = {isa = PBXFileReference; lastKnownFileType = sourcecode.swift; path = CreateRoomResponse.swift; sourceTree = "<group>"; };
		89DACA8E282025F200D5F23E /* JoinRoomRequest.swift */ = {isa = PBXFileReference; lastKnownFileType = sourcecode.swift; path = JoinRoomRequest.swift; sourceTree = "<group>"; };
		89DACA902820265600D5F23E /* JoinRoomResponse.swift */ = {isa = PBXFileReference; lastKnownFileType = sourcecode.swift; path = JoinRoomResponse.swift; sourceTree = "<group>"; };
		89DACA922820268F00D5F23E /* FetchRoomsResponse.swift */ = {isa = PBXFileReference; lastKnownFileType = sourcecode.swift; path = FetchRoomsResponse.swift; sourceTree = "<group>"; };
		89DACA94282026FB00D5F23E /* ExitRoomRequest.swift */ = {isa = PBXFileReference; lastKnownFileType = sourcecode.swift; path = ExitRoomRequest.swift; sourceTree = "<group>"; };
		89DACA962820272C00D5F23E /* ExitRoomResponse.swift */ = {isa = PBXFileReference; lastKnownFileType = sourcecode.swift; path = ExitRoomResponse.swift; sourceTree = "<group>"; };
		89DACA982820276E00D5F23E /* UpdateRoomRequest.swift */ = {isa = PBXFileReference; lastKnownFileType = sourcecode.swift; path = UpdateRoomRequest.swift; sourceTree = "<group>"; };
		89DACA9A282027CC00D5F23E /* UpdateRoomResponse.swift */ = {isa = PBXFileReference; lastKnownFileType = sourcecode.swift; path = UpdateRoomResponse.swift; sourceTree = "<group>"; };
		89DACA9D2820281500D5F23E /* RestartRoomRequest.swift */ = {isa = PBXFileReference; lastKnownFileType = sourcecode.swift; path = RestartRoomRequest.swift; sourceTree = "<group>"; };
		89DACA9F2820283300D5F23E /* RestartRoomResponse.swift */ = {isa = PBXFileReference; lastKnownFileType = sourcecode.swift; path = RestartRoomResponse.swift; sourceTree = "<group>"; };
		89DACAA22820B51300D5F23E /* Track.swift */ = {isa = PBXFileReference; lastKnownFileType = sourcecode.swift; path = Track.swift; sourceTree = "<group>"; };
		89DACAA42821E80400D5F23E /* ResultViewModelProtocol.swift */ = {isa = PBXFileReference; lastKnownFileType = sourcecode.swift; path = ResultViewModelProtocol.swift; sourceTree = "<group>"; };
		89DACAA62821E84900D5F23E /* Result.swift */ = {isa = PBXFileReference; lastKnownFileType = sourcecode.swift; path = Result.swift; sourceTree = "<group>"; };
		89E3C8552823024400544ED8 /* ResultTableViewCell.swift */ = {isa = PBXFileReference; lastKnownFileType = sourcecode.swift; path = ResultTableViewCell.swift; sourceTree = "<group>"; };
		9DE8EC013780ED97E0B1291B /* Pods-digai.release.xcconfig */ = {isa = PBXFileReference; includeInIndex = 1; lastKnownFileType = text.xcconfig; name = "Pods-digai.release.xcconfig"; path = "Target Support Files/Pods-digai/Pods-digai.release.xcconfig"; sourceTree = "<group>"; };
/* End PBXFileReference section */

/* Begin PBXFrameworksBuildPhase section */
		8942612527F64CBB00341F8B /* Frameworks */ = {
			isa = PBXFrameworksBuildPhase;
			buildActionMask = 2147483647;
			files = (
				2872725E7F9EA93353E65826 /* Pods_digai.framework in Frameworks */,
			);
			runOnlyForDeploymentPostprocessing = 0;
		};
/* End PBXFrameworksBuildPhase section */

/* Begin PBXGroup section */
		178209F627FA17D700B49CA2 /* Player */ = {
			isa = PBXGroup;
			children = (
				178209FC27FA17E900B49CA2 /* Player.swift */,
			);
			path = Player;
			sourceTree = "<group>";
		};
		17820A1027FA1A1E00B49CA2 /* Extensions */ = {
			isa = PBXGroup;
			children = (
				178209F927FA17DE00B49CA2 /* URLRequest+Extensions.swift */,
			);
			path = Extensions;
			sourceTree = "<group>";
		};
		24734EE95FF27D97C7B0B19A /* Pods */ = {
			isa = PBXGroup;
			children = (
				3B97B41F53F0FEBA157211ED /* Pods-digai.debug.xcconfig */,
				9DE8EC013780ED97E0B1291B /* Pods-digai.release.xcconfig */,
			);
			path = Pods;
			sourceTree = "<group>";
		};
		8942611F27F64CBB00341F8B = {
			isa = PBXGroup;
			children = (
				8942612A27F64CBB00341F8B /* digai */,
				8942612927F64CBB00341F8B /* Products */,
				24734EE95FF27D97C7B0B19A /* Pods */,
				CD2017C96E6275BAA105F80A /* Frameworks */,
			);
			sourceTree = "<group>";
		};
		8942612927F64CBB00341F8B /* Products */ = {
			isa = PBXGroup;
			children = (
				8942612827F64CBB00341F8B /* digai.app */,
			);
			name = Products;
			sourceTree = "<group>";
		};
		8942612A27F64CBB00341F8B /* digai */ = {
			isa = PBXGroup;
			children = (
				89CB30F7281F062A0068909C /* UI */,
				89CB30F6281F061B0068909C /* Networking */,
				17820A1027FA1A1E00B49CA2 /* Extensions */,
				178209F627FA17D700B49CA2 /* Player */,
				8942612B27F64CBB00341F8B /* AppDelegate.swift */,
				8942612D27F64CBB00341F8B /* SceneDelegate.swift */,
				8942613427F64CBF00341F8B /* Assets.xcassets */,
				8942613627F64CBF00341F8B /* LaunchScreen.storyboard */,
				8942613927F64CBF00341F8B /* Info.plist */,
				8942614927FC7E7400341F8B /* iCarousel.h */,
				8942614B27FC7E8200341F8B /* iCarousel.m */,
				8942614A27FC7E8200341F8B /* digai-Bridging-Header.h */,
			);
			path = digai;
			sourceTree = "<group>";
		};
		8942613F27F64E7000341F8B /* Game */ = {
			isa = PBXGroup;
			children = (
				8942614127F64EAC00341F8B /* GameViewController.swift */,
				8942614327F64EB900341F8B /* GameViewModel.swift */,
			);
			path = Game;
			sourceTree = "<group>";
		};
		8942614027F64E8E00341F8B /* Result */ = {
			isa = PBXGroup;
			children = (
				89E3C8542823022500544ED8 /* Cell */,
				8942614527F64EC900341F8B /* ResultViewModel.swift */,
				8942614727F64ED600341F8B /* ResultViewController.swift */,
				89DACAA42821E80400D5F23E /* ResultViewModelProtocol.swift */,
			);
			path = Result;
			sourceTree = "<group>";
		};
		89CB30F6281F061B0068909C /* Networking */ = {
			isa = PBXGroup;
			children = (
				89DACAA12820B50800D5F23E /* Models */,
				178209FF27FA17E900B49CA2 /* DigaiAPI.swift */,
				89CB3116281F333D0068909C /* Requests */,
				89CB3111281F32680068909C /* Responses */,
			);
			path = Networking;
			sourceTree = "<group>";
		};
		89CB30F7281F062A0068909C /* UI */ = {
			isa = PBXGroup;
			children = (
				8942614027F64E8E00341F8B /* Result */,
				8942613F27F64E7000341F8B /* Game */,
			);
			path = UI;
			sourceTree = "<group>";
		};
		89CB3111281F32680068909C /* Responses */ = {
			isa = PBXGroup;
			children = (
				89CB3117281F33720068909C /* CreateRoomResponse.swift */,
				89DACA902820265600D5F23E /* JoinRoomResponse.swift */,
				89DACA922820268F00D5F23E /* FetchRoomsResponse.swift */,
				89DACA962820272C00D5F23E /* ExitRoomResponse.swift */,
				89DACA9A282027CC00D5F23E /* UpdateRoomResponse.swift */,
				89DACA9F2820283300D5F23E /* RestartRoomResponse.swift */,
			);
			path = Responses;
			sourceTree = "<group>";
		};
		89CB3116281F333D0068909C /* Requests */ = {
			isa = PBXGroup;
			children = (
				89CB3112281F32920068909C /* CreateRoomRequest.swift */,
				89DACA8E282025F200D5F23E /* JoinRoomRequest.swift */,
				89DACA94282026FB00D5F23E /* ExitRoomRequest.swift */,
				89DACA982820276E00D5F23E /* UpdateRoomRequest.swift */,
				89DACA9D2820281500D5F23E /* RestartRoomRequest.swift */,
			);
			path = Requests;
			sourceTree = "<group>";
		};
		89DACAA12820B50800D5F23E /* Models */ = {
			isa = PBXGroup;
			children = (
				89DACAA22820B51300D5F23E /* Track.swift */,
				89DACAA62821E84900D5F23E /* Result.swift */,
			);
			path = Models;
			sourceTree = "<group>";
		};
		89E3C8542823022500544ED8 /* Cell */ = {
			isa = PBXGroup;
			children = (
				89E3C8552823024400544ED8 /* ResultTableViewCell.swift */,
			);
			path = Cell;
			sourceTree = "<group>";
		};
		CD2017C96E6275BAA105F80A /* Frameworks */ = {
			isa = PBXGroup;
			children = (
				7FFD436DDCA126139424C41C /* Pods_digai.framework */,
			);
			name = Frameworks;
			sourceTree = "<group>";
		};
/* End PBXGroup section */

/* Begin PBXNativeTarget section */
		8942612727F64CBB00341F8B /* digai */ = {
			isa = PBXNativeTarget;
			buildConfigurationList = 8942613C27F64CBF00341F8B /* Build configuration list for PBXNativeTarget "digai" */;
			buildPhases = (
				A345C5DA48105CAE037279FD /* [CP] Check Pods Manifest.lock */,
				8942612427F64CBB00341F8B /* Sources */,
				8942612527F64CBB00341F8B /* Frameworks */,
				8942612627F64CBB00341F8B /* Resources */,
				0C05BD740E9981F7046694A3 /* [CP] Embed Pods Frameworks */,
			);
			buildRules = (
			);
			dependencies = (
			);
			name = digai;
			productName = digai;
			productReference = 8942612827F64CBB00341F8B /* digai.app */;
			productType = "com.apple.product-type.application";
		};
/* End PBXNativeTarget section */

/* Begin PBXProject section */
		8942612027F64CBB00341F8B /* Project object */ = {
			isa = PBXProject;
			attributes = {
				BuildIndependentTargetsInParallel = 1;
				LastSwiftUpdateCheck = 1330;
				LastUpgradeCheck = 1330;
				TargetAttributes = {
					8942612727F64CBB00341F8B = {
						CreatedOnToolsVersion = 13.3;
						LastSwiftMigration = 1330;
					};
				};
			};
			buildConfigurationList = 8942612327F64CBB00341F8B /* Build configuration list for PBXProject "digai" */;
			compatibilityVersion = "Xcode 13.0";
			developmentRegion = en;
			hasScannedForEncodings = 0;
			knownRegions = (
				en,
				Base,
			);
			mainGroup = 8942611F27F64CBB00341F8B;
			productRefGroup = 8942612927F64CBB00341F8B /* Products */;
			projectDirPath = "";
			projectRoot = "";
			targets = (
				8942612727F64CBB00341F8B /* digai */,
			);
		};
/* End PBXProject section */

/* Begin PBXResourcesBuildPhase section */
		8942612627F64CBB00341F8B /* Resources */ = {
			isa = PBXResourcesBuildPhase;
			buildActionMask = 2147483647;
			files = (
				8942613827F64CBF00341F8B /* LaunchScreen.storyboard in Resources */,
				8942613527F64CBF00341F8B /* Assets.xcassets in Resources */,
			);
			runOnlyForDeploymentPostprocessing = 0;
		};
/* End PBXResourcesBuildPhase section */

/* Begin PBXShellScriptBuildPhase section */
		0C05BD740E9981F7046694A3 /* [CP] Embed Pods Frameworks */ = {
			isa = PBXShellScriptBuildPhase;
			buildActionMask = 2147483647;
			files = (
			);
			inputFileListPaths = (
				"${PODS_ROOT}/Target Support Files/Pods-digai/Pods-digai-frameworks-${CONFIGURATION}-input-files.xcfilelist",
			);
			name = "[CP] Embed Pods Frameworks";
			outputFileListPaths = (
				"${PODS_ROOT}/Target Support Files/Pods-digai/Pods-digai-frameworks-${CONFIGURATION}-output-files.xcfilelist",
			);
			runOnlyForDeploymentPostprocessing = 0;
			shellPath = /bin/sh;
			shellScript = "\"${PODS_ROOT}/Target Support Files/Pods-digai/Pods-digai-frameworks.sh\"\n";
			showEnvVarsInLog = 0;
		};
		A345C5DA48105CAE037279FD /* [CP] Check Pods Manifest.lock */ = {
			isa = PBXShellScriptBuildPhase;
			buildActionMask = 2147483647;
			files = (
			);
			inputFileListPaths = (
			);
			inputPaths = (
				"${PODS_PODFILE_DIR_PATH}/Podfile.lock",
				"${PODS_ROOT}/Manifest.lock",
			);
			name = "[CP] Check Pods Manifest.lock";
			outputFileListPaths = (
			);
			outputPaths = (
				"$(DERIVED_FILE_DIR)/Pods-digai-checkManifestLockResult.txt",
			);
			runOnlyForDeploymentPostprocessing = 0;
			shellPath = /bin/sh;
			shellScript = "diff \"${PODS_PODFILE_DIR_PATH}/Podfile.lock\" \"${PODS_ROOT}/Manifest.lock\" > /dev/null\nif [ $? != 0 ] ; then\n    # print error to STDERR\n    echo \"error: The sandbox is not in sync with the Podfile.lock. Run 'pod install' or update your CocoaPods installation.\" >&2\n    exit 1\nfi\n# This output is used by Xcode 'outputs' to avoid re-running this script phase.\necho \"SUCCESS\" > \"${SCRIPT_OUTPUT_FILE_0}\"\n";
			showEnvVarsInLog = 0;
		};
/* End PBXShellScriptBuildPhase section */

/* Begin PBXSourcesBuildPhase section */
		8942612427F64CBB00341F8B /* Sources */ = {
			isa = PBXSourcesBuildPhase;
			buildActionMask = 2147483647;
			files = (
				89DACAA02820283300D5F23E /* RestartRoomResponse.swift in Sources */,
				8942614227F64EAC00341F8B /* GameViewController.swift in Sources */,
				8942614627F64EC900341F8B /* ResultViewModel.swift in Sources */,
				17820A0527FA17E900B49CA2 /* DigaiAPI.swift in Sources */,
				178209FA27FA17DE00B49CA2 /* URLRequest+Extensions.swift in Sources */,
				17820A0227FA17E900B49CA2 /* Player.swift in Sources */,
				89DACAA72821E84900D5F23E /* Result.swift in Sources */,
				89CB3113281F32920068909C /* CreateRoomRequest.swift in Sources */,
				89DACA912820265600D5F23E /* JoinRoomResponse.swift in Sources */,
				89DACA972820272C00D5F23E /* ExitRoomResponse.swift in Sources */,
				89DACAA52821E80400D5F23E /* ResultViewModelProtocol.swift in Sources */,
				89DACA8F282025F200D5F23E /* JoinRoomRequest.swift in Sources */,
				8942614827F64ED600341F8B /* ResultViewController.swift in Sources */,
				89DACA932820268F00D5F23E /* FetchRoomsResponse.swift in Sources */,
				89DACA9E2820281500D5F23E /* RestartRoomRequest.swift in Sources */,
				8942612C27F64CBB00341F8B /* AppDelegate.swift in Sources */,
				89DACA9B282027CC00D5F23E /* UpdateRoomResponse.swift in Sources */,
				8942614C27FC7E8200341F8B /* iCarousel.m in Sources */,
				8942614427F64EB900341F8B /* GameViewModel.swift in Sources */,
				8942612E27F64CBB00341F8B /* SceneDelegate.swift in Sources */,
				89DACA95282026FB00D5F23E /* ExitRoomRequest.swift in Sources */,
				89DACAA32820B51300D5F23E /* Track.swift in Sources */,
				89CB3118281F33720068909C /* CreateRoomResponse.swift in Sources */,
				89E3C8562823024400544ED8 /* ResultTableViewCell.swift in Sources */,
				89DACA992820276E00D5F23E /* UpdateRoomRequest.swift in Sources */,
			);
			runOnlyForDeploymentPostprocessing = 0;
		};
/* End PBXSourcesBuildPhase section */

/* Begin PBXVariantGroup section */
		8942613627F64CBF00341F8B /* LaunchScreen.storyboard */ = {
			isa = PBXVariantGroup;
			children = (
				8942613727F64CBF00341F8B /* Base */,
			);
			name = LaunchScreen.storyboard;
			sourceTree = "<group>";
		};
/* End PBXVariantGroup section */

/* Begin XCBuildConfiguration section */
		8942613A27F64CBF00341F8B /* Debug */ = {
			isa = XCBuildConfiguration;
			buildSettings = {
				ALWAYS_SEARCH_USER_PATHS = NO;
				CLANG_ANALYZER_NONNULL = YES;
				CLANG_ANALYZER_NUMBER_OBJECT_CONVERSION = YES_AGGRESSIVE;
				CLANG_CXX_LANGUAGE_STANDARD = "gnu++17";
				CLANG_ENABLE_MODULES = YES;
				CLANG_ENABLE_OBJC_ARC = YES;
				CLANG_ENABLE_OBJC_WEAK = YES;
				CLANG_WARN_BLOCK_CAPTURE_AUTORELEASING = YES;
				CLANG_WARN_BOOL_CONVERSION = YES;
				CLANG_WARN_COMMA = YES;
				CLANG_WARN_CONSTANT_CONVERSION = YES;
				CLANG_WARN_DEPRECATED_OBJC_IMPLEMENTATIONS = YES;
				CLANG_WARN_DIRECT_OBJC_ISA_USAGE = YES_ERROR;
				CLANG_WARN_DOCUMENTATION_COMMENTS = YES;
				CLANG_WARN_EMPTY_BODY = YES;
				CLANG_WARN_ENUM_CONVERSION = YES;
				CLANG_WARN_INFINITE_RECURSION = YES;
				CLANG_WARN_INT_CONVERSION = YES;
				CLANG_WARN_NON_LITERAL_NULL_CONVERSION = YES;
				CLANG_WARN_OBJC_IMPLICIT_RETAIN_SELF = YES;
				CLANG_WARN_OBJC_LITERAL_CONVERSION = YES;
				CLANG_WARN_OBJC_ROOT_CLASS = YES_ERROR;
				CLANG_WARN_QUOTED_INCLUDE_IN_FRAMEWORK_HEADER = YES;
				CLANG_WARN_RANGE_LOOP_ANALYSIS = YES;
				CLANG_WARN_STRICT_PROTOTYPES = YES;
				CLANG_WARN_SUSPICIOUS_MOVE = YES;
				CLANG_WARN_UNGUARDED_AVAILABILITY = YES_AGGRESSIVE;
				CLANG_WARN_UNREACHABLE_CODE = YES;
				CLANG_WARN__DUPLICATE_METHOD_MATCH = YES;
				COPY_PHASE_STRIP = NO;
				DEBUG_INFORMATION_FORMAT = dwarf;
				ENABLE_STRICT_OBJC_MSGSEND = YES;
				ENABLE_TESTABILITY = YES;
				GCC_C_LANGUAGE_STANDARD = gnu11;
				GCC_DYNAMIC_NO_PIC = NO;
				GCC_NO_COMMON_BLOCKS = YES;
				GCC_OPTIMIZATION_LEVEL = 0;
				GCC_PREPROCESSOR_DEFINITIONS = (
					"DEBUG=1",
					"$(inherited)",
				);
				GCC_WARN_64_TO_32_BIT_CONVERSION = YES;
				GCC_WARN_ABOUT_RETURN_TYPE = YES_ERROR;
				GCC_WARN_UNDECLARED_SELECTOR = YES;
				GCC_WARN_UNINITIALIZED_AUTOS = YES_AGGRESSIVE;
				GCC_WARN_UNUSED_FUNCTION = YES;
				GCC_WARN_UNUSED_VARIABLE = YES;
				IPHONEOS_DEPLOYMENT_TARGET = 15.4;
				MTL_ENABLE_DEBUG_INFO = INCLUDE_SOURCE;
				MTL_FAST_MATH = YES;
				ONLY_ACTIVE_ARCH = YES;
				SDKROOT = iphoneos;
				SWIFT_ACTIVE_COMPILATION_CONDITIONS = DEBUG;
				SWIFT_OPTIMIZATION_LEVEL = "-Onone";
			};
			name = Debug;
		};
		8942613B27F64CBF00341F8B /* Release */ = {
			isa = XCBuildConfiguration;
			buildSettings = {
				ALWAYS_SEARCH_USER_PATHS = NO;
				CLANG_ANALYZER_NONNULL = YES;
				CLANG_ANALYZER_NUMBER_OBJECT_CONVERSION = YES_AGGRESSIVE;
				CLANG_CXX_LANGUAGE_STANDARD = "gnu++17";
				CLANG_ENABLE_MODULES = YES;
				CLANG_ENABLE_OBJC_ARC = YES;
				CLANG_ENABLE_OBJC_WEAK = YES;
				CLANG_WARN_BLOCK_CAPTURE_AUTORELEASING = YES;
				CLANG_WARN_BOOL_CONVERSION = YES;
				CLANG_WARN_COMMA = YES;
				CLANG_WARN_CONSTANT_CONVERSION = YES;
				CLANG_WARN_DEPRECATED_OBJC_IMPLEMENTATIONS = YES;
				CLANG_WARN_DIRECT_OBJC_ISA_USAGE = YES_ERROR;
				CLANG_WARN_DOCUMENTATION_COMMENTS = YES;
				CLANG_WARN_EMPTY_BODY = YES;
				CLANG_WARN_ENUM_CONVERSION = YES;
				CLANG_WARN_INFINITE_RECURSION = YES;
				CLANG_WARN_INT_CONVERSION = YES;
				CLANG_WARN_NON_LITERAL_NULL_CONVERSION = YES;
				CLANG_WARN_OBJC_IMPLICIT_RETAIN_SELF = YES;
				CLANG_WARN_OBJC_LITERAL_CONVERSION = YES;
				CLANG_WARN_OBJC_ROOT_CLASS = YES_ERROR;
				CLANG_WARN_QUOTED_INCLUDE_IN_FRAMEWORK_HEADER = YES;
				CLANG_WARN_RANGE_LOOP_ANALYSIS = YES;
				CLANG_WARN_STRICT_PROTOTYPES = YES;
				CLANG_WARN_SUSPICIOUS_MOVE = YES;
				CLANG_WARN_UNGUARDED_AVAILABILITY = YES_AGGRESSIVE;
				CLANG_WARN_UNREACHABLE_CODE = YES;
				CLANG_WARN__DUPLICATE_METHOD_MATCH = YES;
				COPY_PHASE_STRIP = NO;
				DEBUG_INFORMATION_FORMAT = "dwarf-with-dsym";
				ENABLE_NS_ASSERTIONS = NO;
				ENABLE_STRICT_OBJC_MSGSEND = YES;
				GCC_C_LANGUAGE_STANDARD = gnu11;
				GCC_NO_COMMON_BLOCKS = YES;
				GCC_WARN_64_TO_32_BIT_CONVERSION = YES;
				GCC_WARN_ABOUT_RETURN_TYPE = YES_ERROR;
				GCC_WARN_UNDECLARED_SELECTOR = YES;
				GCC_WARN_UNINITIALIZED_AUTOS = YES_AGGRESSIVE;
				GCC_WARN_UNUSED_FUNCTION = YES;
				GCC_WARN_UNUSED_VARIABLE = YES;
				IPHONEOS_DEPLOYMENT_TARGET = 15.4;
				MTL_ENABLE_DEBUG_INFO = NO;
				MTL_FAST_MATH = YES;
				SDKROOT = iphoneos;
				SWIFT_COMPILATION_MODE = wholemodule;
				SWIFT_OPTIMIZATION_LEVEL = "-O";
				VALIDATE_PRODUCT = YES;
			};
			name = Release;
		};
		8942613D27F64CBF00341F8B /* Debug */ = {
			isa = XCBuildConfiguration;
			baseConfigurationReference = 3B97B41F53F0FEBA157211ED /* Pods-digai.debug.xcconfig */;
			buildSettings = {
				ASSETCATALOG_COMPILER_APPICON_NAME = AppIcon;
				ASSETCATALOG_COMPILER_GLOBAL_ACCENT_COLOR_NAME = AccentColor;
				CLANG_ENABLE_MODULES = YES;
				CODE_SIGN_STYLE = Automatic;
				CURRENT_PROJECT_VERSION = 1;
				DEVELOPMENT_TEAM = D84M4LK87S;
				GENERATE_INFOPLIST_FILE = YES;
				INFOPLIST_FILE = digai/Info.plist;
				INFOPLIST_KEY_UIApplicationSupportsIndirectInputEvents = YES;
				INFOPLIST_KEY_UILaunchStoryboardName = LaunchScreen;
				INFOPLIST_KEY_UISupportedInterfaceOrientations_iPad = "UIInterfaceOrientationPortrait UIInterfaceOrientationPortraitUpsideDown UIInterfaceOrientationLandscapeLeft UIInterfaceOrientationLandscapeRight";
				INFOPLIST_KEY_UISupportedInterfaceOrientations_iPhone = "UIInterfaceOrientationPortrait UIInterfaceOrientationLandscapeLeft UIInterfaceOrientationLandscapeRight";
				IPHONEOS_DEPLOYMENT_TARGET = 14.0;
				LD_RUNPATH_SEARCH_PATHS = (
					"$(inherited)",
					"@executable_path/Frameworks",
				);
				MARKETING_VERSION = 1.0;
				PRODUCT_BUNDLE_IDENTIFIER = multimidia.digai;
				PRODUCT_NAME = "$(TARGET_NAME)";
				SWIFT_EMIT_LOC_STRINGS = YES;
				SWIFT_OBJC_BRIDGING_HEADER = "digai/digai-Bridging-Header.h";
				SWIFT_OPTIMIZATION_LEVEL = "-Onone";
				SWIFT_VERSION = 5.0;
				TARGETED_DEVICE_FAMILY = "1,2";
			};
			name = Debug;
		};
		8942613E27F64CBF00341F8B /* Release */ = {
			isa = XCBuildConfiguration;
			baseConfigurationReference = 9DE8EC013780ED97E0B1291B /* Pods-digai.release.xcconfig */;
			buildSettings = {
				ASSETCATALOG_COMPILER_APPICON_NAME = AppIcon;
				ASSETCATALOG_COMPILER_GLOBAL_ACCENT_COLOR_NAME = AccentColor;
				CLANG_ENABLE_MODULES = YES;
				CODE_SIGN_STYLE = Automatic;
				CURRENT_PROJECT_VERSION = 1;
				DEVELOPMENT_TEAM = D84M4LK87S;
				GENERATE_INFOPLIST_FILE = YES;
				INFOPLIST_FILE = digai/Info.plist;
				INFOPLIST_KEY_UIApplicationSupportsIndirectInputEvents = YES;
				INFOPLIST_KEY_UILaunchStoryboardName = LaunchScreen;
				INFOPLIST_KEY_UISupportedInterfaceOrientations_iPad = "UIInterfaceOrientationPortrait UIInterfaceOrientationPortraitUpsideDown UIInterfaceOrientationLandscapeLeft UIInterfaceOrientationLandscapeRight";
				INFOPLIST_KEY_UISupportedInterfaceOrientations_iPhone = "UIInterfaceOrientationPortrait UIInterfaceOrientationLandscapeLeft UIInterfaceOrientationLandscapeRight";
				IPHONEOS_DEPLOYMENT_TARGET = 14.0;
				LD_RUNPATH_SEARCH_PATHS = (
					"$(inherited)",
					"@executable_path/Frameworks",
				);
				MARKETING_VERSION = 1.0;
				PRODUCT_BUNDLE_IDENTIFIER = multimidia.digai;
				PRODUCT_NAME = "$(TARGET_NAME)";
				SWIFT_EMIT_LOC_STRINGS = YES;
				SWIFT_OBJC_BRIDGING_HEADER = "digai/digai-Bridging-Header.h";
				SWIFT_VERSION = 5.0;
				TARGETED_DEVICE_FAMILY = "1,2";
			};
			name = Release;
		};
/* End XCBuildConfiguration section */

/* Begin XCConfigurationList section */
		8942612327F64CBB00341F8B /* Build configuration list for PBXProject "digai" */ = {
			isa = XCConfigurationList;
			buildConfigurations = (
				8942613A27F64CBF00341F8B /* Debug */,
				8942613B27F64CBF00341F8B /* Release */,
			);
			defaultConfigurationIsVisible = 0;
			defaultConfigurationName = Release;
		};
		8942613C27F64CBF00341F8B /* Build configuration list for PBXNativeTarget "digai" */ = {
			isa = XCConfigurationList;
			buildConfigurations = (
				8942613D27F64CBF00341F8B /* Debug */,
				8942613E27F64CBF00341F8B /* Release */,
			);
			defaultConfigurationIsVisible = 0;
			defaultConfigurationName = Release;
		};
/* End XCConfigurationList section */
	};
	rootObject = 8942612027F64CBB00341F8B /* Project object */;
}
